
Microsoft Visual Studio Solution File, Format Version 12.00
# Visual Studio Version 17
VisualStudioVersion = 17.5.002.0
MinimumVisualStudioVersion = 10.0.40219.1
Project("{9A19103F-16F7-4668-BE54-9A1E7A4F7556}") = "1_calculadora_operadores_aritmeticos", "1_calculadora_operadores_aritmeticos.csproj", "{0EEB7FB1-4E8F-4BDE-9AED-EFC61C954F66}"
EndProject
Global
	GlobalSection(SolutionConfigurationPlatforms) = preSolution
		Debug|Any CPU = Debug|Any CPU
		Release|Any CPU = Release|Any CPU
	EndGlobalSection
	GlobalSection(ProjectConfigurationPlatforms) = postSolution
		{0EEB7FB1-4E8F-4BDE-9AED-EFC61C954F66}.Debug|Any CPU.ActiveCfg = Debug|Any CPU
		{0EEB7FB1-4E8F-4BDE-9AED-EFC61C954F66}.Debug|Any CPU.Build.0 = Debug|Any CPU
		{0EEB7FB1-4E8F-4BDE-9AED-EFC61C954F66}.Release|Any CPU.ActiveCfg = Release|Any CPU
		{0EEB7FB1-4E8F-4BDE-9AED-EFC61C954F66}.Release|Any CPU.Build.0 = Release|Any CPU
	EndGlobalSection
	GlobalSection(SolutionProperties) = preSolution
		HideSolutionNode = FALSE
	EndGlobalSection
	GlobalSection(ExtensibilityGlobals) = postSolution
		SolutionGuid = {C7890724-D33D-4B9D-A913-A70D9926BDC2}
	EndGlobalSection
EndGlobal
